
Microsoft Visual Studio Solution File, Format Version 12.00
# Visual Studio Version 17
VisualStudioVersion = 17.0.32126.317
MinimumVisualStudioVersion = 10.0.40219.1
Project("{FAE04EC0-301F-11D3-BF4B-00C04F79EFBC}") = "HelloWorld", "HelloWorld.csproj", "{7E6E490B-557F-4E3D-8B83-C657B4DB3852}"
EndProject
Global
	GlobalSection(SolutionConfigurationPlatforms) = preSolution
		Debug|Any CPU = Debug|Any CPU
		Release|Any CPU = Release|Any CPU
	EndGlobalSection
	GlobalSection(ProjectConfigurationPlatforms) = postSolution
		{7E6E490B-557F-4E3D-8B83-C657B4DB3852}.Debug|Any CPU.ActiveCfg = Debug|Any CPU
		{7E6E490B-557F-4E3D-8B83-C657B4DB3852}.Debug|Any CPU.Build.0 = Debug|Any CPU
		{7E6E490B-557F-4E3D-8B83-C657B4DB3852}.Release|Any CPU.ActiveCfg = Release|Any CPU
		{7E6E490B-557F-4E3D-8B83-C657B4DB3852}.Release|Any CPU.Build.0 = Release|Any CPU
	EndGlobalSection
	GlobalSection(SolutionProperties) = preSolution
		HideSolutionNode = FALSE
	EndGlobalSection
	GlobalSection(ExtensibilityGlobals) = postSolution
		SolutionGuid = {41CB6A40-CFC8-48D4-B0F0-288A8B3ACE94}
	EndGlobalSection
EndGlobal
