
Microsoft Visual Studio Solution File, Format Version 12.00
# Visual Studio Version 17
VisualStudioVersion = 17.0.32126.317
MinimumVisualStudioVersion = 10.0.40219.1
Project("{9A19103F-16F7-4668-BE54-9A1E7A4F7556}") = "Vocabulary", "Vocabulary\Vocabulary.csproj", "{40094CB5-7D54-4DA0-84D0-4BC5571E27CD}"
EndProject
Project("{FAE04EC0-301F-11D3-BF4B-00C04F79EFBC}") = "Numbers", "Numbers\Numbers.csproj", "{16591AB0-451E-4DA9-A9DD-7A7BF7B1BD90}"
EndProject
Project("{FAE04EC0-301F-11D3-BF4B-00C04F79EFBC}") = "Variables", "Variables\Variables.csproj", "{C8D06514-AD03-416F-845D-A6AA006D28D8}"
EndProject
Global
	GlobalSection(SolutionConfigurationPlatforms) = preSolution
		Debug|Any CPU = Debug|Any CPU
		Release|Any CPU = Release|Any CPU
	EndGlobalSection
	GlobalSection(ProjectConfigurationPlatforms) = postSolution
		{40094CB5-7D54-4DA0-84D0-4BC5571E27CD}.Debug|Any CPU.ActiveCfg = Debug|Any CPU
		{40094CB5-7D54-4DA0-84D0-4BC5571E27CD}.Debug|Any CPU.Build.0 = Debug|Any CPU
		{40094CB5-7D54-4DA0-84D0-4BC5571E27CD}.Release|Any CPU.ActiveCfg = Release|Any CPU
		{40094CB5-7D54-4DA0-84D0-4BC5571E27CD}.Release|Any CPU.Build.0 = Release|Any CPU
		{16591AB0-451E-4DA9-A9DD-7A7BF7B1BD90}.Debug|Any CPU.ActiveCfg = Debug|Any CPU
		{16591AB0-451E-4DA9-A9DD-7A7BF7B1BD90}.Debug|Any CPU.Build.0 = Debug|Any CPU
		{16591AB0-451E-4DA9-A9DD-7A7BF7B1BD90}.Release|Any CPU.ActiveCfg = Release|Any CPU
		{16591AB0-451E-4DA9-A9DD-7A7BF7B1BD90}.Release|Any CPU.Build.0 = Release|Any CPU
		{C8D06514-AD03-416F-845D-A6AA006D28D8}.Debug|Any CPU.ActiveCfg = Debug|Any CPU
		{C8D06514-AD03-416F-845D-A6AA006D28D8}.Debug|Any CPU.Build.0 = Debug|Any CPU
		{C8D06514-AD03-416F-845D-A6AA006D28D8}.Release|Any CPU.ActiveCfg = Release|Any CPU
		{C8D06514-AD03-416F-845D-A6AA006D28D8}.Release|Any CPU.Build.0 = Release|Any CPU
	EndGlobalSection
	GlobalSection(SolutionProperties) = preSolution
		HideSolutionNode = FALSE
	EndGlobalSection
	GlobalSection(ExtensibilityGlobals) = postSolution
		SolutionGuid = {6D7A8B0C-9408-4CDF-82FB-CCCDBF9B6027}
	EndGlobalSection
EndGlobal
